// !$*UTF8*$!
{
	archiveVersion = 1;
	classes = {
	};
	objectVersion = 56;
	objects = {

/* Begin PBXBuildFile section */
		D5767FCC29D6DE6E00703116 /* AppDelegate.swift in Sources */ = {isa = PBXBuildFile; fileRef = D5767FCB29D6DE6E00703116 /* AppDelegate.swift */; };
		D5767FCE29D6DE6E00703116 /* SceneDelegate.swift in Sources */ = {isa = PBXBuildFile; fileRef = D5767FCD29D6DE6E00703116 /* SceneDelegate.swift */; };
		D5767FD029D6DE6E00703116 /* ViewController.swift in Sources */ = {isa = PBXBuildFile; fileRef = D5767FCF29D6DE6E00703116 /* ViewController.swift */; };
		D5767FD329D6DE6E00703116 /* Main.storyboard in Resources */ = {isa = PBXBuildFile; fileRef = D5767FD129D6DE6E00703116 /* Main.storyboard */; };
		D5767FD529D6DE6F00703116 /* Assets.xcassets in Resources */ = {isa = PBXBuildFile; fileRef = D5767FD429D6DE6F00703116 /* Assets.xcassets */; };
		D5767FD829D6DE6F00703116 /* LaunchScreen.storyboard in Resources */ = {isa = PBXBuildFile; fileRef = D5767FD629D6DE6F00703116 /* LaunchScreen.storyboard */; };
		D5767FE329D6DE6F00703116 /* ArrivalNotiAppTests.swift in Sources */ = {isa = PBXBuildFile; fileRef = D5767FE229D6DE6F00703116 /* ArrivalNotiAppTests.swift */; };
		D5767FED29D6DE6F00703116 /* ArrivalNotiAppUITests.swift in Sources */ = {isa = PBXBuildFile; fileRef = D5767FEC29D6DE6F00703116 /* ArrivalNotiAppUITests.swift */; };
		D5767FEF29D6DE6F00703116 /* ArrivalNotiAppUITestsLaunchTests.swift in Sources */ = {isa = PBXBuildFile; fileRef = D5767FEE29D6DE6F00703116 /* ArrivalNotiAppUITestsLaunchTests.swift */; };
/* End PBXBuildFile section */

/* Begin PBXContainerItemProxy section */
		D5767FDF29D6DE6F00703116 /* PBXContainerItemProxy */ = {
			isa = PBXContainerItemProxy;
			containerPortal = D5767FC029D6DE6E00703116 /* Project object */;
			proxyType = 1;
			remoteGlobalIDString = D5767FC729D6DE6E00703116;
			remoteInfo = ArrivalNotiApp;
		};
		D5767FE929D6DE6F00703116 /* PBXContainerItemProxy */ = {
			isa = PBXContainerItemProxy;
			containerPortal = D5767FC029D6DE6E00703116 /* Project object */;
			proxyType = 1;
			remoteGlobalIDString = D5767FC729D6DE6E00703116;
			remoteInfo = ArrivalNotiApp;
		};
/* End PBXContainerItemProxy section */

/* Begin PBXFileReference section */
		D5767FC829D6DE6E00703116 /* ArrivalNotiApp.app */ = {isa = PBXFileReference; explicitFileType = wrapper.application; includeInIndex = 0; path = ArrivalNotiApp.app; sourceTree = BUILT_PRODUCTS_DIR; };
		D5767FCB29D6DE6E00703116 /* AppDelegate.swift */ = {isa = PBXFileReference; lastKnownFileType = sourcecode.swift; path = AppDelegate.swift; sourceTree = "<group>"; };
		D5767FCD29D6DE6E00703116 /* SceneDelegate.swift */ = {isa = PBXFileReference; lastKnownFileType = sourcecode.swift; path = SceneDelegate.swift; sourceTree = "<group>"; };
		D5767FCF29D6DE6E00703116 /* ViewController.swift */ = {isa = PBXFileReference; lastKnownFileType = sourcecode.swift; path = ViewController.swift; sourceTree = "<group>"; };
		D5767FD229D6DE6E00703116 /* Base */ = {isa = PBXFileReference; lastKnownFileType = file.storyboard; name = Base; path = Base.lproj/Main.storyboard; sourceTree = "<group>"; };
		D5767FD429D6DE6F00703116 /* Assets.xcassets */ = {isa = PBXFileReference; lastKnownFileType = folder.assetcatalog; path = Assets.xcassets; sourceTree = "<group>"; };
		D5767FD729D6DE6F00703116 /* Base */ = {isa = PBXFileReference; lastKnownFileType = file.storyboard; name = Base; path = Base.lproj/LaunchScreen.storyboard; sourceTree = "<group>"; };
		D5767FD929D6DE6F00703116 /* Info.plist */ = {isa = PBXFileReference; lastKnownFileType = text.plist.xml; path = Info.plist; sourceTree = "<group>"; };
		D5767FDE29D6DE6F00703116 /* ArrivalNotiAppTests.xctest */ = {isa = PBXFileReference; explicitFileType = wrapper.cfbundle; includeInIndex = 0; path = ArrivalNotiAppTests.xctest; sourceTree = BUILT_PRODUCTS_DIR; };
		D5767FE229D6DE6F00703116 /* ArrivalNotiAppTests.swift */ = {isa = PBXFileReference; lastKnownFileType = sourcecode.swift; path = ArrivalNotiAppTests.swift; sourceTree = "<group>"; };
		D5767FE829D6DE6F00703116 /* ArrivalNotiAppUITests.xctest */ = {isa = PBXFileReference; explicitFileType = wrapper.cfbundle; includeInIndex = 0; path = ArrivalNotiAppUITests.xctest; sourceTree = BUILT_PRODUCTS_DIR; };
		D5767FEC29D6DE6F00703116 /* ArrivalNotiAppUITests.swift */ = {isa = PBXFileReference; lastKnownFileType = sourcecode.swift; path = ArrivalNotiAppUITests.swift; sourceTree = "<group>"; };
		D5767FEE29D6DE6F00703116 /* ArrivalNotiAppUITestsLaunchTests.swift */ = {isa = PBXFileReference; lastKnownFileType = sourcecode.swift; path = ArrivalNotiAppUITestsLaunchTests.swift; sourceTree = "<group>"; };
/* End PBXFileReference section */

/* Begin PBXFrameworksBuildPhase section */
		D5767FC529D6DE6E00703116 /* Frameworks */ = {
			isa = PBXFrameworksBuildPhase;
			buildActionMask = 2147483647;
			files = (
			);
			runOnlyForDeploymentPostprocessing = 0;
		};
		D5767FDB29D6DE6F00703116 /* Frameworks */ = {
			isa = PBXFrameworksBuildPhase;
			buildActionMask = 2147483647;
			files = (
			);
			runOnlyForDeploymentPostprocessing = 0;
		};
		D5767FE529D6DE6F00703116 /* Frameworks */ = {
			isa = PBXFrameworksBuildPhase;
			buildActionMask = 2147483647;
			files = (
			);
			runOnlyForDeploymentPostprocessing = 0;
		};
/* End PBXFrameworksBuildPhase section */

/* Begin PBXGroup section */
		D5767FBF29D6DE6E00703116 = {
			isa = PBXGroup;
			children = (
				D5767FCA29D6DE6E00703116 /* ArrivalNotiApp */,
				D5767FE129D6DE6F00703116 /* ArrivalNotiAppTests */,
				D5767FEB29D6DE6F00703116 /* ArrivalNotiAppUITests */,
				D5767FC929D6DE6E00703116 /* Products */,
			);
			sourceTree = "<group>";
		};
		D5767FC929D6DE6E00703116 /* Products */ = {
			isa = PBXGroup;
			children = (
				D5767FC829D6DE6E00703116 /* ArrivalNotiApp.app */,
				D5767FDE29D6DE6F00703116 /* ArrivalNotiAppTests.xctest */,
				D5767FE829D6DE6F00703116 /* ArrivalNotiAppUITests.xctest */,
			);
			name = Products;
			sourceTree = "<group>";
		};
		D5767FCA29D6DE6E00703116 /* ArrivalNotiApp */ = {
			isa = PBXGroup;
			children = (
				D5767FCB29D6DE6E00703116 /* AppDelegate.swift */,
				D5767FCD29D6DE6E00703116 /* SceneDelegate.swift */,
				D5767FCF29D6DE6E00703116 /* ViewController.swift */,
				D5767FD129D6DE6E00703116 /* Main.storyboard */,
				D5767FD429D6DE6F00703116 /* Assets.xcassets */,
				D5767FD629D6DE6F00703116 /* LaunchScreen.storyboard */,
				D5767FD929D6DE6F00703116 /* Info.plist */,
			);
			path = ArrivalNotiApp;
			sourceTree = "<group>";
		};
		D5767FE129D6DE6F00703116 /* ArrivalNotiAppTests */ = {
			isa = PBXGroup;
			children = (
				D5767FE229D6DE6F00703116 /* ArrivalNotiAppTests.swift */,
			);
			path = ArrivalNotiAppTests;
			sourceTree = "<group>";
		};
		D5767FEB29D6DE6F00703116 /* ArrivalNotiAppUITests */ = {
			isa = PBXGroup;
			children = (
				D5767FEC29D6DE6F00703116 /* ArrivalNotiAppUITests.swift */,
				D5767FEE29D6DE6F00703116 /* ArrivalNotiAppUITestsLaunchTests.swift */,
			);
			path = ArrivalNotiAppUITests;
			sourceTree = "<group>";
		};
/* End PBXGroup section */

/* Begin PBXNativeTarget section */
		D5767FC729D6DE6E00703116 /* ArrivalNotiApp */ = {
			isa = PBXNativeTarget;
			buildConfigurationList = D5767FF229D6DE6F00703116 /* Build configuration list for PBXNativeTarget "ArrivalNotiApp" */;
			buildPhases = (
				D5767FC429D6DE6E00703116 /* Sources */,
				D5767FC529D6DE6E00703116 /* Frameworks */,
				D5767FC629D6DE6E00703116 /* Resources */,
			);
			buildRules = (
			);
			dependencies = (
			);
			name = ArrivalNotiApp;
			productName = ArrivalNotiApp;
			productReference = D5767FC829D6DE6E00703116 /* ArrivalNotiApp.app */;
			productType = "com.apple.product-type.application";
		};
		D5767FDD29D6DE6F00703116 /* ArrivalNotiAppTests */ = {
			isa = PBXNativeTarget;
			buildConfigurationList = D5767FF529D6DE6F00703116 /* Build configuration list for PBXNativeTarget "ArrivalNotiAppTests" */;
			buildPhases = (
				D5767FDA29D6DE6F00703116 /* Sources */,
				D5767FDB29D6DE6F00703116 /* Frameworks */,
				D5767FDC29D6DE6F00703116 /* Resources */,
			);
			buildRules = (
			);
			dependencies = (
				D5767FE029D6DE6F00703116 /* PBXTargetDependency */,
			);
			name = ArrivalNotiAppTests;
			productName = ArrivalNotiAppTests;
			productReference = D5767FDE29D6DE6F00703116 /* ArrivalNotiAppTests.xctest */;
			productType = "com.apple.product-type.bundle.unit-test";
		};
		D5767FE729D6DE6F00703116 /* ArrivalNotiAppUITests */ = {
			isa = PBXNativeTarget;
			buildConfigurationList = D5767FF829D6DE6F00703116 /* Build configuration list for PBXNativeTarget "ArrivalNotiAppUITests" */;
			buildPhases = (
				D5767FE429D6DE6F00703116 /* Sources */,
				D5767FE529D6DE6F00703116 /* Frameworks */,
				D5767FE629D6DE6F00703116 /* Resources */,
			);
			buildRules = (
			);
			dependencies = (
				D5767FEA29D6DE6F00703116 /* PBXTargetDependency */,
			);
			name = ArrivalNotiAppUITests;
			productName = ArrivalNotiAppUITests;
			productReference = D5767FE829D6DE6F00703116 /* ArrivalNotiAppUITests.xctest */;
			productType = "com.apple.product-type.bundle.ui-testing";
		};
/* End PBXNativeTarget section */

/* Begin PBXProject section */
		D5767FC029D6DE6E00703116 /* Project object */ = {
			isa = PBXProject;
			attributes = {
				BuildIndependentTargetsInParallel = 1;
				LastSwiftUpdateCheck = 1430;
				LastUpgradeCheck = 1430;
				TargetAttributes = {
					D5767FC729D6DE6E00703116 = {
						CreatedOnToolsVersion = 14.3;
					};
					D5767FDD29D6DE6F00703116 = {
						CreatedOnToolsVersion = 14.3;
						TestTargetID = D5767FC729D6DE6E00703116;
					};
					D5767FE729D6DE6F00703116 = {
						CreatedOnToolsVersion = 14.3;
						TestTargetID = D5767FC729D6DE6E00703116;
					};
				};
			};
			buildConfigurationList = D5767FC329D6DE6E00703116 /* Build configuration list for PBXProject "ArrivalNotiApp" */;
			compatibilityVersion = "Xcode 14.0";
			developmentRegion = en;
			hasScannedForEncodings = 0;
			knownRegions = (
				en,
				Base,
			);
			mainGroup = D5767FBF29D6DE6E00703116;
			productRefGroup = D5767FC929D6DE6E00703116 /* Products */;
			projectDirPath = "";
			projectRoot = "";
			targets = (
				D5767FC729D6DE6E00703116 /* ArrivalNotiApp */,
				D5767FDD29D6DE6F00703116 /* ArrivalNotiAppTests */,
				D5767FE729D6DE6F00703116 /* ArrivalNotiAppUITests */,
			);
		};
/* End PBXProject section */

/* Begin PBXResourcesBuildPhase section */
		D5767FC629D6DE6E00703116 /* Resources */ = {
			isa = PBXResourcesBuildPhase;
			buildActionMask = 2147483647;
			files = (
				D5767FD829D6DE6F00703116 /* LaunchScreen.storyboard in Resources */,
				D5767FD529D6DE6F00703116 /* Assets.xcassets in Resources */,
				D5767FD329D6DE6E00703116 /* Main.storyboard in Resources */,
			);
			runOnlyForDeploymentPostprocessing = 0;
		};
		D5767FDC29D6DE6F00703116 /* Resources */ = {
			isa = PBXResourcesBuildPhase;
			buildActionMask = 2147483647;
			files = (
			);
			runOnlyForDeploymentPostprocessing = 0;
		};
		D5767FE629D6DE6F00703116 /* Resources */ = {
			isa = PBXResourcesBuildPhase;
			buildActionMask = 2147483647;
			files = (
			);
			runOnlyForDeploymentPostprocessing = 0;
		};
/* End PBXResourcesBuildPhase section */

/* Begin PBXSourcesBuildPhase section */
		D5767FC429D6DE6E00703116 /* Sources */ = {
			isa = PBXSourcesBuildPhase;
			buildActionMask = 2147483647;
			files = (
				D5767FD029D6DE6E00703116 /* ViewController.swift in Sources */,
				D5767FCC29D6DE6E00703116 /* AppDelegate.swift in Sources */,
				D5767FCE29D6DE6E00703116 /* SceneDelegate.swift in Sources */,
			);
			runOnlyForDeploymentPostprocessing = 0;
		};
		D5767FDA29D6DE6F00703116 /* Sources */ = {
			isa = PBXSourcesBuildPhase;
			buildActionMask = 2147483647;
			files = (
				D5767FE329D6DE6F00703116 /* ArrivalNotiAppTests.swift in Sources */,
			);
			runOnlyForDeploymentPostprocessing = 0;
		};
		D5767FE429D6DE6F00703116 /* Sources */ = {
			isa = PBXSourcesBuildPhase;
			buildActionMask = 2147483647;
			files = (
				D5767FEF29D6DE6F00703116 /* ArrivalNotiAppUITestsLaunchTests.swift in Sources */,
				D5767FED29D6DE6F00703116 /* ArrivalNotiAppUITests.swift in Sources */,
			);
			runOnlyForDeploymentPostprocessing = 0;
		};
/* End PBXSourcesBuildPhase section */

/* Begin PBXTargetDependency section */
		D5767FE029D6DE6F00703116 /* PBXTargetDependency */ = {
			isa = PBXTargetDependency;
			target = D5767FC729D6DE6E00703116 /* ArrivalNotiApp */;
			targetProxy = D5767FDF29D6DE6F00703116 /* PBXContainerItemProxy */;
		};
		D5767FEA29D6DE6F00703116 /* PBXTargetDependency */ = {
			isa = PBXTargetDependency;
			target = D5767FC729D6DE6E00703116 /* ArrivalNotiApp */;
			targetProxy = D5767FE929D6DE6F00703116 /* PBXContainerItemProxy */;
		};
/* End PBXTargetDependency section */

/* Begin PBXVariantGroup section */
		D5767FD129D6DE6E00703116 /* Main.storyboard */ = {
			isa = PBXVariantGroup;
			children = (
				D5767FD229D6DE6E00703116 /* Base */,
			);
			name = Main.storyboard;
			sourceTree = "<group>";
		};
		D5767FD629D6DE6F00703116 /* LaunchScreen.storyboard */ = {
			isa = PBXVariantGroup;
			children = (
				D5767FD729D6DE6F00703116 /* Base */,
			);
			name = LaunchScreen.storyboard;
			sourceTree = "<group>";
		};
/* End PBXVariantGroup section */

/* Begin XCBuildConfiguration section */
		D5767FF029D6DE6F00703116 /* Debug */ = {
			isa = XCBuildConfiguration;
			buildSettings = {
				ALWAYS_SEARCH_USER_PATHS = NO;
				CLANG_ANALYZER_NONNULL = YES;
				CLANG_ANALYZER_NUMBER_OBJECT_CONVERSION = YES_AGGRESSIVE;
				CLANG_CXX_LANGUAGE_STANDARD = "gnu++20";
				CLANG_ENABLE_MODULES = YES;
				CLANG_ENABLE_OBJC_ARC = YES;
				CLANG_ENABLE_OBJC_WEAK = YES;
				CLANG_WARN_BLOCK_CAPTURE_AUTORELEASING = YES;
				CLANG_WARN_BOOL_CONVERSION = YES;
				CLANG_WARN_COMMA = YES;
				CLANG_WARN_CONSTANT_CONVERSION = YES;
				CLANG_WARN_DEPRECATED_OBJC_IMPLEMENTATIONS = YES;
				CLANG_WARN_DIRECT_OBJC_ISA_USAGE = YES_ERROR;
				CLANG_WARN_DOCUMENTATION_COMMENTS = YES;
				CLANG_WARN_EMPTY_BODY = YES;
				CLANG_WARN_ENUM_CONVERSION = YES;
				CLANG_WARN_INFINITE_RECURSION = YES;
				CLANG_WARN_INT_CONVERSION = YES;
				CLANG_WARN_NON_LITERAL_NULL_CONVERSION = YES;
				CLANG_WARN_OBJC_IMPLICIT_RETAIN_SELF = YES;
				CLANG_WARN_OBJC_LITERAL_CONVERSION = YES;
				CLANG_WARN_OBJC_ROOT_CLASS = YES_ERROR;
				CLANG_WARN_QUOTED_INCLUDE_IN_FRAMEWORK_HEADER = YES;
				CLANG_WARN_RANGE_LOOP_ANALYSIS = YES;
				CLANG_WARN_STRICT_PROTOTYPES = YES;
				CLANG_WARN_SUSPICIOUS_MOVE = YES;
				CLANG_WARN_UNGUARDED_AVAILABILITY = YES_AGGRESSIVE;
				CLANG_WARN_UNREACHABLE_CODE = YES;
				CLANG_WARN__DUPLICATE_METHOD_MATCH = YES;
				COPY_PHASE_STRIP = NO;
				DEBUG_INFORMATION_FORMAT = dwarf;
				ENABLE_STRICT_OBJC_MSGSEND = YES;
				ENABLE_TESTABILITY = YES;
				GCC_C_LANGUAGE_STANDARD = gnu11;
				GCC_DYNAMIC_NO_PIC = NO;
				GCC_NO_COMMON_BLOCKS = YES;
				GCC_OPTIMIZATION_LEVEL = 0;
				GCC_PREPROCESSOR_DEFINITIONS = (
					"DEBUG=1",
					"$(inherited)",
				);
				GCC_WARN_64_TO_32_BIT_CONVERSION = YES;
				GCC_WARN_ABOUT_RETURN_TYPE = YES_ERROR;
				GCC_WARN_UNDECLARED_SELECTOR = YES;
				GCC_WARN_UNINITIALIZED_AUTOS = YES_AGGRESSIVE;
				GCC_WARN_UNUSED_FUNCTION = YES;
				GCC_WARN_UNUSED_VARIABLE = YES;
				IPHONEOS_DEPLOYMENT_TARGET = 16.4;
				MTL_ENABLE_DEBUG_INFO = INCLUDE_SOURCE;
				MTL_FAST_MATH = YES;
				ONLY_ACTIVE_ARCH = YES;
				SDKROOT = iphoneos;
				SWIFT_ACTIVE_COMPILATION_CONDITIONS = DEBUG;
				SWIFT_OPTIMIZATION_LEVEL = "-Onone";
			};
			name = Debug;
		};
		D5767FF129D6DE6F00703116 /* Release */ = {
			isa = XCBuildConfiguration;
			buildSettings = {
				ALWAYS_SEARCH_USER_PATHS = NO;
				CLANG_ANALYZER_NONNULL = YES;
				CLANG_ANALYZER_NUMBER_OBJECT_CONVERSION = YES_AGGRESSIVE;
				CLANG_CXX_LANGUAGE_STANDARD = "gnu++20";
				CLANG_ENABLE_MODULES = YES;
				CLANG_ENABLE_OBJC_ARC = YES;
				CLANG_ENABLE_OBJC_WEAK = YES;
				CLANG_WARN_BLOCK_CAPTURE_AUTORELEASING = YES;
				CLANG_WARN_BOOL_CONVERSION = YES;
				CLANG_WARN_COMMA = YES;
				CLANG_WARN_CONSTANT_CONVERSION = YES;
				CLANG_WARN_DEPRECATED_OBJC_IMPLEMENTATIONS = YES;
				CLANG_WARN_DIRECT_OBJC_ISA_USAGE = YES_ERROR;
				CLANG_WARN_DOCUMENTATION_COMMENTS = YES;
				CLANG_WARN_EMPTY_BODY = YES;
				CLANG_WARN_ENUM_CONVERSION = YES;
				CLANG_WARN_INFINITE_RECURSION = YES;
				CLANG_WARN_INT_CONVERSION = YES;
				CLANG_WARN_NON_LITERAL_NULL_CONVERSION = YES;
				CLANG_WARN_OBJC_IMPLICIT_RETAIN_SELF = YES;
				CLANG_WARN_OBJC_LITERAL_CONVERSION = YES;
				CLANG_WARN_OBJC_ROOT_CLASS = YES_ERROR;
				CLANG_WARN_QUOTED_INCLUDE_IN_FRAMEWORK_HEADER = YES;
				CLANG_WARN_RANGE_LOOP_ANALYSIS = YES;
				CLANG_WARN_STRICT_PROTOTYPES = YES;
				CLANG_WARN_SUSPICIOUS_MOVE = YES;
				CLANG_WARN_UNGUARDED_AVAILABILITY = YES_AGGRESSIVE;
				CLANG_WARN_UNREACHABLE_CODE = YES;
				CLANG_WARN__DUPLICATE_METHOD_MATCH = YES;
				COPY_PHASE_STRIP = NO;
				DEBUG_INFORMATION_FORMAT = "dwarf-with-dsym";
				ENABLE_NS_ASSERTIONS = NO;
				ENABLE_STRICT_OBJC_MSGSEND = YES;
				GCC_C_LANGUAGE_STANDARD = gnu11;
				GCC_NO_COMMON_BLOCKS = YES;
				GCC_WARN_64_TO_32_BIT_CONVERSION = YES;
				GCC_WARN_ABOUT_RETURN_TYPE = YES_ERROR;
				GCC_WARN_UNDECLARED_SELECTOR = YES;
				GCC_WARN_UNINITIALIZED_AUTOS = YES_AGGRESSIVE;
				GCC_WARN_UNUSED_FUNCTION = YES;
				GCC_WARN_UNUSED_VARIABLE = YES;
				IPHONEOS_DEPLOYMENT_TARGET = 16.4;
				MTL_ENABLE_DEBUG_INFO = NO;
				MTL_FAST_MATH = YES;
				SDKROOT = iphoneos;
				SWIFT_COMPILATION_MODE = wholemodule;
				SWIFT_OPTIMIZATION_LEVEL = "-O";
				VALIDATE_PRODUCT = YES;
			};
			name = Release;
		};
		D5767FF329D6DE6F00703116 /* Debug */ = {
			isa = XCBuildConfiguration;
			buildSettings = {
				ASSETCATALOG_COMPILER_APPICON_NAME = AppIcon;
				ASSETCATALOG_COMPILER_GLOBAL_ACCENT_COLOR_NAME = AccentColor;
				CODE_SIGN_STYLE = Automatic;
				CURRENT_PROJECT_VERSION = 1;
				GENERATE_INFOPLIST_FILE = YES;
				INFOPLIST_FILE = ArrivalNotiApp/Info.plist;
				INFOPLIST_KEY_UIApplicationSupportsIndirectInputEvents = YES;
				INFOPLIST_KEY_UILaunchStoryboardName = LaunchScreen;
				INFOPLIST_KEY_UIMainStoryboardFile = Main;
				INFOPLIST_KEY_UISupportedInterfaceOrientations_iPad = "UIInterfaceOrientationPortrait UIInterfaceOrientationPortraitUpsideDown UIInterfaceOrientationLandscapeLeft UIInterfaceOrientationLandscapeRight";
				INFOPLIST_KEY_UISupportedInterfaceOrientations_iPhone = "UIInterfaceOrientationPortrait UIInterfaceOrientationLandscapeLeft UIInterfaceOrientationLandscapeRight";
				IPHONEOS_DEPLOYMENT_TARGET = 14.0;
				LD_RUNPATH_SEARCH_PATHS = (
					"$(inherited)",
					"@executable_path/Frameworks",
				);
				MARKETING_VERSION = 1.0;
				PRODUCT_BUNDLE_IDENTIFIER = juhee.ArrivalNotiApp;
				PRODUCT_NAME = "$(TARGET_NAME)";
				SWIFT_EMIT_LOC_STRINGS = YES;
				SWIFT_VERSION = 5.0;
				TARGETED_DEVICE_FAMILY = "1,2";
			};
			name = Debug;
		};
		D5767FF429D6DE6F00703116 /* Release */ = {
			isa = XCBuildConfiguration;
			buildSettings = {
				ASSETCATALOG_COMPILER_APPICON_NAME = AppIcon;
				ASSETCATALOG_COMPILER_GLOBAL_ACCENT_COLOR_NAME = AccentColor;
				CODE_SIGN_STYLE = Automatic;
				CURRENT_PROJECT_VERSION = 1;
				GENERATE_INFOPLIST_FILE = YES;
				INFOPLIST_FILE = ArrivalNotiApp/Info.plist;
				INFOPLIST_KEY_UIApplicationSupportsIndirectInputEvents = YES;
				INFOPLIST_KEY_UILaunchStoryboardName = LaunchScreen;
				INFOPLIST_KEY_UIMainStoryboardFile = Main;
				INFOPLIST_KEY_UISupportedInterfaceOrientations_iPad = "UIInterfaceOrientationPortrait UIInterfaceOrientationPortraitUpsideDown UIInterfaceOrientationLandscapeLeft UIInterfaceOrientationLandscapeRight";
				INFOPLIST_KEY_UISupportedInterfaceOrientations_iPhone = "UIInterfaceOrientationPortrait UIInterfaceOrientationLandscapeLeft UIInterfaceOrientationLandscapeRight";
				IPHONEOS_DEPLOYMENT_TARGET = 14.0;
				LD_RUNPATH_SEARCH_PATHS = (
					"$(inherited)",
					"@executable_path/Frameworks",
				);
				MARKETING_VERSION = 1.0;
				PRODUCT_BUNDLE_IDENTIFIER = juhee.ArrivalNotiApp;
				PRODUCT_NAME = "$(TARGET_NAME)";
				SWIFT_EMIT_LOC_STRINGS = YES;
				SWIFT_VERSION = 5.0;
				TARGETED_DEVICE_FAMILY = "1,2";
			};
			name = Release;
		};
		D5767FF629D6DE6F00703116 /* Debug */ = {
			isa = XCBuildConfiguration;
			buildSettings = {
				ALWAYS_EMBED_SWIFT_STANDARD_LIBRARIES = YES;
				BUNDLE_LOADER = "$(TEST_HOST)";
				CODE_SIGN_STYLE = Automatic;
				CURRENT_PROJECT_VERSION = 1;
				GENERATE_INFOPLIST_FILE = YES;
				IPHONEOS_DEPLOYMENT_TARGET = 16.4;
				MARKETING_VERSION = 1.0;
				PRODUCT_BUNDLE_IDENTIFIER = juhee.ArrivalNotiAppTests;
				PRODUCT_NAME = "$(TARGET_NAME)";
				SWIFT_EMIT_LOC_STRINGS = NO;
				SWIFT_VERSION = 5.0;
				TARGETED_DEVICE_FAMILY = "1,2";
				TEST_HOST = "$(BUILT_PRODUCTS_DIR)/ArrivalNotiApp.app/$(BUNDLE_EXECUTABLE_FOLDER_PATH)/ArrivalNotiApp";
			};
			name = Debug;
		};
		D5767FF729D6DE6F00703116 /* Release */ = {
			isa = XCBuildConfiguration;
			buildSettings = {
				ALWAYS_EMBED_SWIFT_STANDARD_LIBRARIES = YES;
				BUNDLE_LOADER = "$(TEST_HOST)";
				CODE_SIGN_STYLE = Automatic;
				CURRENT_PROJECT_VERSION = 1;
				GENERATE_INFOPLIST_FILE = YES;
				IPHONEOS_DEPLOYMENT_TARGET = 16.4;
				MARKETING_VERSION = 1.0;
				PRODUCT_BUNDLE_IDENTIFIER = juhee.ArrivalNotiAppTests;
				PRODUCT_NAME = "$(TARGET_NAME)";
				SWIFT_EMIT_LOC_STRINGS = NO;
				SWIFT_VERSION = 5.0;
				TARGETED_DEVICE_FAMILY = "1,2";
				TEST_HOST = "$(BUILT_PRODUCTS_DIR)/ArrivalNotiApp.app/$(BUNDLE_EXECUTABLE_FOLDER_PATH)/ArrivalNotiApp";
			};
			name = Release;
		};
		D5767FF929D6DE6F00703116 /* Debug */ = {
			isa = XCBuildConfiguration;
			buildSettings = {
				ALWAYS_EMBED_SWIFT_STANDARD_LIBRARIES = YES;
				CODE_SIGN_STYLE = Automatic;
				CURRENT_PROJECT_VERSION = 1;
				GENERATE_INFOPLIST_FILE = YES;
				MARKETING_VERSION = 1.0;
				PRODUCT_BUNDLE_IDENTIFIER = juhee.ArrivalNotiAppUITests;
				PRODUCT_NAME = "$(TARGET_NAME)";
				SWIFT_EMIT_LOC_STRINGS = NO;
				SWIFT_VERSION = 5.0;
				TARGETED_DEVICE_FAMILY = "1,2";
				TEST_TARGET_NAME = ArrivalNotiApp;
			};
			name = Debug;
		};
		D5767FFA29D6DE6F00703116 /* Release */ = {
			isa = XCBuildConfiguration;
			buildSettings = {
				ALWAYS_EMBED_SWIFT_STANDARD_LIBRARIES = YES;
				CODE_SIGN_STYLE = Automatic;
				CURRENT_PROJECT_VERSION = 1;
				GENERATE_INFOPLIST_FILE = YES;
				MARKETING_VERSION = 1.0;
				PRODUCT_BUNDLE_IDENTIFIER = juhee.ArrivalNotiAppUITests;
				PRODUCT_NAME = "$(TARGET_NAME)";
				SWIFT_EMIT_LOC_STRINGS = NO;
				SWIFT_VERSION = 5.0;
				TARGETED_DEVICE_FAMILY = "1,2";
				TEST_TARGET_NAME = ArrivalNotiApp;
			};
			name = Release;
		};
/* End XCBuildConfiguration section */

/* Begin XCConfigurationList section */
		D5767FC329D6DE6E00703116 /* Build configuration list for PBXProject "ArrivalNotiApp" */ = {
			isa = XCConfigurationList;
			buildConfigurations = (
				D5767FF029D6DE6F00703116 /* Debug */,
				D5767FF129D6DE6F00703116 /* Release */,
			);
			defaultConfigurationIsVisible = 0;
			defaultConfigurationName = Release;
		};
		D5767FF229D6DE6F00703116 /* Build configuration list for PBXNativeTarget "ArrivalNotiApp" */ = {
			isa = XCConfigurationList;
			buildConfigurations = (
				D5767FF329D6DE6F00703116 /* Debug */,
				D5767FF429D6DE6F00703116 /* Release */,
			);
			defaultConfigurationIsVisible = 0;
			defaultConfigurationName = Release;
		};
		D5767FF529D6DE6F00703116 /* Build configuration list for PBXNativeTarget "ArrivalNotiAppTests" */ = {
			isa = XCConfigurationList;
			buildConfigurations = (
				D5767FF629D6DE6F00703116 /* Debug */,
				D5767FF729D6DE6F00703116 /* Release */,
			);
			defaultConfigurationIsVisible = 0;
			defaultConfigurationName = Release;
		};
		D5767FF829D6DE6F00703116 /* Build configuration list for PBXNativeTarget "ArrivalNotiAppUITests" */ = {
			isa = XCConfigurationList;
			buildConfigurations = (
				D5767FF929D6DE6F00703116 /* Debug */,
				D5767FFA29D6DE6F00703116 /* Release */,
			);
			defaultConfigurationIsVisible = 0;
			defaultConfigurationName = Release;
		};
/* End XCConfigurationList section */
	};
	rootObject = D5767FC029D6DE6E00703116 /* Project object */;
}
